
Microsoft Visual Studio Solution File, Format Version 12.00
# Visual Studio Version 16
VisualStudioVersion = 16.0.32630.194
MinimumVisualStudioVersion = 10.0.40219.1
Project("{FAE04EC0-301F-11D3-BF4B-00C04F79EFBC}") = "FormPassagens_Aereas", "FormPassagens_Aereas\FormPassagens_Aereas.csproj", "{ADB196DF-9CA8-4755-9FD1-80286BDBAD58}"
EndProject
Global
	GlobalSection(SolutionConfigurationPlatforms) = preSolution
		Debug|Any CPU = Debug|Any CPU
		Release|Any CPU = Release|Any CPU
	EndGlobalSection
	GlobalSection(ProjectConfigurationPlatforms) = postSolution
		{ADB196DF-9CA8-4755-9FD1-80286BDBAD58}.Debug|Any CPU.ActiveCfg = Debug|Any CPU
		{ADB196DF-9CA8-4755-9FD1-80286BDBAD58}.Debug|Any CPU.Build.0 = Debug|Any CPU
		{ADB196DF-9CA8-4755-9FD1-80286BDBAD58}.Release|Any CPU.ActiveCfg = Release|Any CPU
		{ADB196DF-9CA8-4755-9FD1-80286BDBAD58}.Release|Any CPU.Build.0 = Release|Any CPU
	EndGlobalSection
	GlobalSection(SolutionProperties) = preSolution
		HideSolutionNode = FALSE
	EndGlobalSection
	GlobalSection(ExtensibilityGlobals) = postSolution
		SolutionGuid = {3D9C33A8-A77E-410B-BE44-18925369312E}
	EndGlobalSection
EndGlobal
